
Microsoft Visual Studio Solution File, Format Version 12.00
# Visual Studio Version 16
VisualStudioVersion = 16.0.30128.74
MinimumVisualStudioVersion = 10.0.40219.1
Project("{FAE04EC0-301F-11D3-BF4B-00C04F79EFBC}") = "Simplex", "Simplex\Simplex.csproj", "{34076B36-6044-491C-B49B-914EB57002C2}"
EndProject
Global
	GlobalSection(SolutionConfigurationPlatforms) = preSolution
		Debug|Any CPU = Debug|Any CPU
		Release|Any CPU = Release|Any CPU
	EndGlobalSection
	GlobalSection(ProjectConfigurationPlatforms) = postSolution
		{34076B36-6044-491C-B49B-914EB57002C2}.Debug|Any CPU.ActiveCfg = Debug|Any CPU
		{34076B36-6044-491C-B49B-914EB57002C2}.Debug|Any CPU.Build.0 = Debug|Any CPU
		{34076B36-6044-491C-B49B-914EB57002C2}.Release|Any CPU.ActiveCfg = Release|Any CPU
		{34076B36-6044-491C-B49B-914EB57002C2}.Release|Any CPU.Build.0 = Release|Any CPU
	EndGlobalSection
	GlobalSection(SolutionProperties) = preSolution
		HideSolutionNode = FALSE
	EndGlobalSection
	GlobalSection(ExtensibilityGlobals) = postSolution
		SolutionGuid = {F7F59451-B193-4418-9526-4926676F2A6D}
	EndGlobalSection
EndGlobal
